// !$*UTF8*$!
{
	archiveVersion = 1;
	classes = {
	};
	objectVersion = 50;
	objects = {

/* Begin PBXBuildFile section */
		2C27694F24196B500085913C /* AppDelegate.swift in Sources */ = {isa = PBXBuildFile; fileRef = 2C27694E24196B500085913C /* AppDelegate.swift */; };
		2C27695124196B500085913C /* SceneDelegate.swift in Sources */ = {isa = PBXBuildFile; fileRef = 2C27695024196B500085913C /* SceneDelegate.swift */; };
		2C27695324196B500085913C /* ViewController.swift in Sources */ = {isa = PBXBuildFile; fileRef = 2C27695224196B500085913C /* ViewController.swift */; };
		2C27695624196B500085913C /* Main.storyboard in Resources */ = {isa = PBXBuildFile; fileRef = 2C27695424196B500085913C /* Main.storyboard */; };
		2C27695824196B510085913C /* Assets.xcassets in Resources */ = {isa = PBXBuildFile; fileRef = 2C27695724196B510085913C /* Assets.xcassets */; };
		2C27695B24196B510085913C /* LaunchScreen.storyboard in Resources */ = {isa = PBXBuildFile; fileRef = 2C27695924196B510085913C /* LaunchScreen.storyboard */; };
		2C27696624196B510085913C /* StackViewBugTests.swift in Sources */ = {isa = PBXBuildFile; fileRef = 2C27696524196B510085913C /* StackViewBugTests.swift */; };
		2C27697124196B510085913C /* StackViewBugUITests.swift in Sources */ = {isa = PBXBuildFile; fileRef = 2C27697024196B510085913C /* StackViewBugUITests.swift */; };
/* End PBXBuildFile section */

/* Begin PBXContainerItemProxy section */
		2C27696224196B510085913C /* PBXContainerItemProxy */ = {
			isa = PBXContainerItemProxy;
			containerPortal = 2C27694324196B500085913C /* Project object */;
			proxyType = 1;
			remoteGlobalIDString = 2C27694A24196B500085913C;
			remoteInfo = StackViewBug;
		};
		2C27696D24196B510085913C /* PBXContainerItemProxy */ = {
			isa = PBXContainerItemProxy;
			containerPortal = 2C27694324196B500085913C /* Project object */;
			proxyType = 1;
			remoteGlobalIDString = 2C27694A24196B500085913C;
			remoteInfo = StackViewBug;
		};
/* End PBXContainerItemProxy section */

/* Begin PBXFileReference section */
		2C27694B24196B500085913C /* StackViewBug.app */ = {isa = PBXFileReference; explicitFileType = wrapper.application; includeInIndex = 0; path = StackViewBug.app; sourceTree = BUILT_PRODUCTS_DIR; };
		2C27694E24196B500085913C /* AppDelegate.swift */ = {isa = PBXFileReference; lastKnownFileType = sourcecode.swift; path = AppDelegate.swift; sourceTree = "<group>"; };
		2C27695024196B500085913C /* SceneDelegate.swift */ = {isa = PBXFileReference; lastKnownFileType = sourcecode.swift; path = SceneDelegate.swift; sourceTree = "<group>"; };
		2C27695224196B500085913C /* ViewController.swift */ = {isa = PBXFileReference; lastKnownFileType = sourcecode.swift; path = ViewController.swift; sourceTree = "<group>"; };
		2C27695524196B500085913C /* Base */ = {isa = PBXFileReference; lastKnownFileType = file.storyboard; name = Base; path = Base.lproj/Main.storyboard; sourceTree = "<group>"; };
		2C27695724196B510085913C /* Assets.xcassets */ = {isa = PBXFileReference; lastKnownFileType = folder.assetcatalog; path = Assets.xcassets; sourceTree = "<group>"; };
		2C27695A24196B510085913C /* Base */ = {isa = PBXFileReference; lastKnownFileType = file.storyboard; name = Base; path = Base.lproj/LaunchScreen.storyboard; sourceTree = "<group>"; };
		2C27695C24196B510085913C /* Info.plist */ = {isa = PBXFileReference; lastKnownFileType = text.plist.xml; path = Info.plist; sourceTree = "<group>"; };
		2C27696124196B510085913C /* StackViewBugTests.xctest */ = {isa = PBXFileReference; explicitFileType = wrapper.cfbundle; includeInIndex = 0; path = StackViewBugTests.xctest; sourceTree = BUILT_PRODUCTS_DIR; };
		2C27696524196B510085913C /* StackViewBugTests.swift */ = {isa = PBXFileReference; lastKnownFileType = sourcecode.swift; path = StackViewBugTests.swift; sourceTree = "<group>"; };
		2C27696724196B510085913C /* Info.plist */ = {isa = PBXFileReference; lastKnownFileType = text.plist.xml; path = Info.plist; sourceTree = "<group>"; };
		2C27696C24196B510085913C /* StackViewBugUITests.xctest */ = {isa = PBXFileReference; explicitFileType = wrapper.cfbundle; includeInIndex = 0; path = StackViewBugUITests.xctest; sourceTree = BUILT_PRODUCTS_DIR; };
		2C27697024196B510085913C /* StackViewBugUITests.swift */ = {isa = PBXFileReference; lastKnownFileType = sourcecode.swift; path = StackViewBugUITests.swift; sourceTree = "<group>"; };
		2C27697224196B510085913C /* Info.plist */ = {isa = PBXFileReference; lastKnownFileType = text.plist.xml; path = Info.plist; sourceTree = "<group>"; };
/* End PBXFileReference section */

/* Begin PBXFrameworksBuildPhase section */
		2C27694824196B500085913C /* Frameworks */ = {
			isa = PBXFrameworksBuildPhase;
			buildActionMask = 2147483647;
			files = (
			);
			runOnlyForDeploymentPostprocessing = 0;
		};
		2C27695E24196B510085913C /* Frameworks */ = {
			isa = PBXFrameworksBuildPhase;
			buildActionMask = 2147483647;
			files = (
			);
			runOnlyForDeploymentPostprocessing = 0;
		};
		2C27696924196B510085913C /* Frameworks */ = {
			isa = PBXFrameworksBuildPhase;
			buildActionMask = 2147483647;
			files = (
			);
			runOnlyForDeploymentPostprocessing = 0;
		};
/* End PBXFrameworksBuildPhase section */

/* Begin PBXGroup section */
		2C27694224196B500085913C = {
			isa = PBXGroup;
			children = (
				2C27694D24196B500085913C /* StackViewBug */,
				2C27696424196B510085913C /* StackViewBugTests */,
				2C27696F24196B510085913C /* StackViewBugUITests */,
				2C27694C24196B500085913C /* Products */,
			);
			sourceTree = "<group>";
		};
		2C27694C24196B500085913C /* Products */ = {
			isa = PBXGroup;
			children = (
				2C27694B24196B500085913C /* StackViewBug.app */,
				2C27696124196B510085913C /* StackViewBugTests.xctest */,
				2C27696C24196B510085913C /* StackViewBugUITests.xctest */,
			);
			name = Products;
			sourceTree = "<group>";
		};
		2C27694D24196B500085913C /* StackViewBug */ = {
			isa = PBXGroup;
			children = (
				2C27694E24196B500085913C /* AppDelegate.swift */,
				2C27695024196B500085913C /* SceneDelegate.swift */,
				2C27695224196B500085913C /* ViewController.swift */,
				2C27695424196B500085913C /* Main.storyboard */,
				2C27695724196B510085913C /* Assets.xcassets */,
				2C27695924196B510085913C /* LaunchScreen.storyboard */,
				2C27695C24196B510085913C /* Info.plist */,
			);
			path = StackViewBug;
			sourceTree = "<group>";
		};
		2C27696424196B510085913C /* StackViewBugTests */ = {
			isa = PBXGroup;
			children = (
				2C27696524196B510085913C /* StackViewBugTests.swift */,
				2C27696724196B510085913C /* Info.plist */,
			);
			path = StackViewBugTests;
			sourceTree = "<group>";
		};
		2C27696F24196B510085913C /* StackViewBugUITests */ = {
			isa = PBXGroup;
			children = (
				2C27697024196B510085913C /* StackViewBugUITests.swift */,
				2C27697224196B510085913C /* Info.plist */,
			);
			path = StackViewBugUITests;
			sourceTree = "<group>";
		};
/* End PBXGroup section */

/* Begin PBXNativeTarget section */
		2C27694A24196B500085913C /* StackViewBug */ = {
			isa = PBXNativeTarget;
			buildConfigurationList = 2C27697524196B510085913C /* Build configuration list for PBXNativeTarget "StackViewBug" */;
			buildPhases = (
				2C27694724196B500085913C /* Sources */,
				2C27694824196B500085913C /* Frameworks */,
				2C27694924196B500085913C /* Resources */,
			);
			buildRules = (
			);
			dependencies = (
			);
			name = StackViewBug;
			productName = StackViewBug;
			productReference = 2C27694B24196B500085913C /* StackViewBug.app */;
			productType = "com.apple.product-type.application";
		};
		2C27696024196B510085913C /* StackViewBugTests */ = {
			isa = PBXNativeTarget;
			buildConfigurationList = 2C27697824196B510085913C /* Build configuration list for PBXNativeTarget "StackViewBugTests" */;
			buildPhases = (
				2C27695D24196B510085913C /* Sources */,
				2C27695E24196B510085913C /* Frameworks */,
				2C27695F24196B510085913C /* Resources */,
			);
			buildRules = (
			);
			dependencies = (
				2C27696324196B510085913C /* PBXTargetDependency */,
			);
			name = StackViewBugTests;
			productName = StackViewBugTests;
			productReference = 2C27696124196B510085913C /* StackViewBugTests.xctest */;
			productType = "com.apple.product-type.bundle.unit-test";
		};
		2C27696B24196B510085913C /* StackViewBugUITests */ = {
			isa = PBXNativeTarget;
			buildConfigurationList = 2C27697B24196B510085913C /* Build configuration list for PBXNativeTarget "StackViewBugUITests" */;
			buildPhases = (
				2C27696824196B510085913C /* Sources */,
				2C27696924196B510085913C /* Frameworks */,
				2C27696A24196B510085913C /* Resources */,
			);
			buildRules = (
			);
			dependencies = (
				2C27696E24196B510085913C /* PBXTargetDependency */,
			);
			name = StackViewBugUITests;
			productName = StackViewBugUITests;
			productReference = 2C27696C24196B510085913C /* StackViewBugUITests.xctest */;
			productType = "com.apple.product-type.bundle.ui-testing";
		};
/* End PBXNativeTarget section */

/* Begin PBXProject section */
		2C27694324196B500085913C /* Project object */ = {
			isa = PBXProject;
			attributes = {
				LastSwiftUpdateCheck = 1130;
				LastUpgradeCheck = 1130;
				ORGANIZATIONNAME = "Kinetic Commerce";
				TargetAttributes = {
					2C27694A24196B500085913C = {
						CreatedOnToolsVersion = 11.3;
					};
					2C27696024196B510085913C = {
						CreatedOnToolsVersion = 11.3;
						TestTargetID = 2C27694A24196B500085913C;
					};
					2C27696B24196B510085913C = {
						CreatedOnToolsVersion = 11.3;
						TestTargetID = 2C27694A24196B500085913C;
					};
				};
			};
			buildConfigurationList = 2C27694624196B500085913C /* Build configuration list for PBXProject "StackViewBug" */;
			compatibilityVersion = "Xcode 9.3";
			developmentRegion = en;
			hasScannedForEncodings = 0;
			knownRegions = (
				en,
				Base,
			);
			mainGroup = 2C27694224196B500085913C;
			productRefGroup = 2C27694C24196B500085913C /* Products */;
			projectDirPath = "";
			projectRoot = "";
			targets = (
				2C27694A24196B500085913C /* StackViewBug */,
				2C27696024196B510085913C /* StackViewBugTests */,
				2C27696B24196B510085913C /* StackViewBugUITests */,
			);
		};
/* End PBXProject section */

/* Begin PBXResourcesBuildPhase section */
		2C27694924196B500085913C /* Resources */ = {
			isa = PBXResourcesBuildPhase;
			buildActionMask = 2147483647;
			files = (
				2C27695B24196B510085913C /* LaunchScreen.storyboard in Resources */,
				2C27695824196B510085913C /* Assets.xcassets in Resources */,
				2C27695624196B500085913C /* Main.storyboard in Resources */,
			);
			runOnlyForDeploymentPostprocessing = 0;
		};
		2C27695F24196B510085913C /* Resources */ = {
			isa = PBXResourcesBuildPhase;
			buildActionMask = 2147483647;
			files = (
			);
			runOnlyForDeploymentPostprocessing = 0;
		};
		2C27696A24196B510085913C /* Resources */ = {
			isa = PBXResourcesBuildPhase;
			buildActionMask = 2147483647;
			files = (
			);
			runOnlyForDeploymentPostprocessing = 0;
		};
/* End PBXResourcesBuildPhase section */

/* Begin PBXSourcesBuildPhase section */
		2C27694724196B500085913C /* Sources */ = {
			isa = PBXSourcesBuildPhase;
			buildActionMask = 2147483647;
			files = (
				2C27695324196B500085913C /* ViewController.swift in Sources */,
				2C27694F24196B500085913C /* AppDelegate.swift in Sources */,
				2C27695124196B500085913C /* SceneDelegate.swift in Sources */,
			);
			runOnlyForDeploymentPostprocessing = 0;
		};
		2C27695D24196B510085913C /* Sources */ = {
			isa = PBXSourcesBuildPhase;
			buildActionMask = 2147483647;
			files = (
				2C27696624196B510085913C /* StackViewBugTests.swift in Sources */,
			);
			runOnlyForDeploymentPostprocessing = 0;
		};
		2C27696824196B510085913C /* Sources */ = {
			isa = PBXSourcesBuildPhase;
			buildActionMask = 2147483647;
			files = (
				2C27697124196B510085913C /* StackViewBugUITests.swift in Sources */,
			);
			runOnlyForDeploymentPostprocessing = 0;
		};
/* End PBXSourcesBuildPhase section */

/* Begin PBXTargetDependency section */
		2C27696324196B510085913C /* PBXTargetDependency */ = {
			isa = PBXTargetDependency;
			target = 2C27694A24196B500085913C /* StackViewBug */;
			targetProxy = 2C27696224196B510085913C /* PBXContainerItemProxy */;
		};
		2C27696E24196B510085913C /* PBXTargetDependency */ = {
			isa = PBXTargetDependency;
			target = 2C27694A24196B500085913C /* StackViewBug */;
			targetProxy = 2C27696D24196B510085913C /* PBXContainerItemProxy */;
		};
/* End PBXTargetDependency section */

/* Begin PBXVariantGroup section */
		2C27695424196B500085913C /* Main.storyboard */ = {
			isa = PBXVariantGroup;
			children = (
				2C27695524196B500085913C /* Base */,
			);
			name = Main.storyboard;
			sourceTree = "<group>";
		};
		2C27695924196B510085913C /* LaunchScreen.storyboard */ = {
			isa = PBXVariantGroup;
			children = (
				2C27695A24196B510085913C /* Base */,
			);
			name = LaunchScreen.storyboard;
			sourceTree = "<group>";
		};
/* End PBXVariantGroup section */

/* Begin XCBuildConfiguration section */
		2C27697324196B510085913C /* Debug */ = {
			isa = XCBuildConfiguration;
			buildSettings = {
				ALWAYS_SEARCH_USER_PATHS = NO;
				CLANG_ANALYZER_NONNULL = YES;
				CLANG_ANALYZER_NUMBER_OBJECT_CONVERSION = YES_AGGRESSIVE;
				CLANG_CXX_LANGUAGE_STANDARD = "gnu++14";
				CLANG_CXX_LIBRARY = "libc++";
				CLANG_ENABLE_MODULES = YES;
				CLANG_ENABLE_OBJC_ARC = YES;
				CLANG_ENABLE_OBJC_WEAK = YES;
				CLANG_WARN_BLOCK_CAPTURE_AUTORELEASING = YES;
				CLANG_WARN_BOOL_CONVERSION = YES;
				CLANG_WARN_COMMA = YES;
				CLANG_WARN_CONSTANT_CONVERSION = YES;
				CLANG_WARN_DEPRECATED_OBJC_IMPLEMENTATIONS = YES;
				CLANG_WARN_DIRECT_OBJC_ISA_USAGE = YES_ERROR;
				CLANG_WARN_DOCUMENTATION_COMMENTS = YES;
				CLANG_WARN_EMPTY_BODY = YES;
				CLANG_WARN_ENUM_CONVERSION = YES;
				CLANG_WARN_INFINITE_RECURSION = YES;
				CLANG_WARN_INT_CONVERSION = YES;
				CLANG_WARN_NON_LITERAL_NULL_CONVERSION = YES;
				CLANG_WARN_OBJC_IMPLICIT_RETAIN_SELF = YES;
				CLANG_WARN_OBJC_LITERAL_CONVERSION = YES;
				CLANG_WARN_OBJC_ROOT_CLASS = YES_ERROR;
				CLANG_WARN_RANGE_LOOP_ANALYSIS = YES;
				CLANG_WARN_STRICT_PROTOTYPES = YES;
				CLANG_WARN_SUSPICIOUS_MOVE = YES;
				CLANG_WARN_UNGUARDED_AVAILABILITY = YES_AGGRESSIVE;
				CLANG_WARN_UNREACHABLE_CODE = YES;
				CLANG_WARN__DUPLICATE_METHOD_MATCH = YES;
				COPY_PHASE_STRIP = NO;
				DEBUG_INFORMATION_FORMAT = dwarf;
				ENABLE_STRICT_OBJC_MSGSEND = YES;
				ENABLE_TESTABILITY = YES;
				GCC_C_LANGUAGE_STANDARD = gnu11;
				GCC_DYNAMIC_NO_PIC = NO;
				GCC_NO_COMMON_BLOCKS = YES;
				GCC_OPTIMIZATION_LEVEL = 0;
				GCC_PREPROCESSOR_DEFINITIONS = (
					"DEBUG=1",
					"$(inherited)",
				);
				GCC_WARN_64_TO_32_BIT_CONVERSION = YES;
				GCC_WARN_ABOUT_RETURN_TYPE = YES_ERROR;
				GCC_WARN_UNDECLARED_SELECTOR = YES;
				GCC_WARN_UNINITIALIZED_AUTOS = YES_AGGRESSIVE;
				GCC_WARN_UNUSED_FUNCTION = YES;
				GCC_WARN_UNUSED_VARIABLE = YES;
				IPHONEOS_DEPLOYMENT_TARGET = 13.2;
				MTL_ENABLE_DEBUG_INFO = INCLUDE_SOURCE;
				MTL_FAST_MATH = YES;
				ONLY_ACTIVE_ARCH = YES;
				SDKROOT = iphoneos;
				SWIFT_ACTIVE_COMPILATION_CONDITIONS = DEBUG;
				SWIFT_OPTIMIZATION_LEVEL = "-Onone";
			};
			name = Debug;
		};
		2C27697424196B510085913C /* Release */ = {
			isa = XCBuildConfiguration;
			buildSettings = {
				ALWAYS_SEARCH_USER_PATHS = NO;
				CLANG_ANALYZER_NONNULL = YES;
				CLANG_ANALYZER_NUMBER_OBJECT_CONVERSION = YES_AGGRESSIVE;
				CLANG_CXX_LANGUAGE_STANDARD = "gnu++14";
				CLANG_CXX_LIBRARY = "libc++";
				CLANG_ENABLE_MODULES = YES;
				CLANG_ENABLE_OBJC_ARC = YES;
				CLANG_ENABLE_OBJC_WEAK = YES;
				CLANG_WARN_BLOCK_CAPTURE_AUTORELEASING = YES;
				CLANG_WARN_BOOL_CONVERSION = YES;
				CLANG_WARN_COMMA = YES;
				CLANG_WARN_CONSTANT_CONVERSION = YES;
				CLANG_WARN_DEPRECATED_OBJC_IMPLEMENTATIONS = YES;
				CLANG_WARN_DIRECT_OBJC_ISA_USAGE = YES_ERROR;
				CLANG_WARN_DOCUMENTATION_COMMENTS = YES;
				CLANG_WARN_EMPTY_BODY = YES;
				CLANG_WARN_ENUM_CONVERSION = YES;
				CLANG_WARN_INFINITE_RECURSION = YES;
				CLANG_WARN_INT_CONVERSION = YES;
				CLANG_WARN_NON_LITERAL_NULL_CONVERSION = YES;
				CLANG_WARN_OBJC_IMPLICIT_RETAIN_SELF = YES;
				CLANG_WARN_OBJC_LITERAL_CONVERSION = YES;
				CLANG_WARN_OBJC_ROOT_CLASS = YES_ERROR;
				CLANG_WARN_RANGE_LOOP_ANALYSIS = YES;
				CLANG_WARN_STRICT_PROTOTYPES = YES;
				CLANG_WARN_SUSPICIOUS_MOVE = YES;
				CLANG_WARN_UNGUARDED_AVAILABILITY = YES_AGGRESSIVE;
				CLANG_WARN_UNREACHABLE_CODE = YES;
				CLANG_WARN__DUPLICATE_METHOD_MATCH = YES;
				COPY_PHASE_STRIP = NO;
				DEBUG_INFORMATION_FORMAT = "dwarf-with-dsym";
				ENABLE_NS_ASSERTIONS = NO;
				ENABLE_STRICT_OBJC_MSGSEND = YES;
				GCC_C_LANGUAGE_STANDARD = gnu11;
				GCC_NO_COMMON_BLOCKS = YES;
				GCC_WARN_64_TO_32_BIT_CONVERSION = YES;
				GCC_WARN_ABOUT_RETURN_TYPE = YES_ERROR;
				GCC_WARN_UNDECLARED_SELECTOR = YES;
				GCC_WARN_UNINITIALIZED_AUTOS = YES_AGGRESSIVE;
				GCC_WARN_UNUSED_FUNCTION = YES;
				GCC_WARN_UNUSED_VARIABLE = YES;
				IPHONEOS_DEPLOYMENT_TARGET = 13.2;
				MTL_ENABLE_DEBUG_INFO = NO;
				MTL_FAST_MATH = YES;
				SDKROOT = iphoneos;
				SWIFT_COMPILATION_MODE = wholemodule;
				SWIFT_OPTIMIZATION_LEVEL = "-O";
				VALIDATE_PRODUCT = YES;
			};
			name = Release;
		};
		2C27697624196B510085913C /* Debug */ = {
			isa = XCBuildConfiguration;
			buildSettings = {
				ASSETCATALOG_COMPILER_APPICON_NAME = AppIcon;
				CODE_SIGN_STYLE = Automatic;
				DEVELOPMENT_TEAM = JRCKQG2M7U;
				INFOPLIST_FILE = StackViewBug/Info.plist;
				LD_RUNPATH_SEARCH_PATHS = (
					"$(inherited)",
					"@executable_path/Frameworks",
				);
				PRODUCT_BUNDLE_IDENTIFIER = com.kineticcommerce.StackViewBug;
				PRODUCT_NAME = "$(TARGET_NAME)";
				SWIFT_VERSION = 5.0;
				TARGETED_DEVICE_FAMILY = "1,2";
			};
			name = Debug;
		};
		2C27697724196B510085913C /* Release */ = {
			isa = XCBuildConfiguration;
			buildSettings = {
				ASSETCATALOG_COMPILER_APPICON_NAME = AppIcon;
				CODE_SIGN_STYLE = Automatic;
				DEVELOPMENT_TEAM = JRCKQG2M7U;
				INFOPLIST_FILE = StackViewBug/Info.plist;
				LD_RUNPATH_SEARCH_PATHS = (
					"$(inherited)",
					"@executable_path/Frameworks",
				);
				PRODUCT_BUNDLE_IDENTIFIER = com.kineticcommerce.StackViewBug;
				PRODUCT_NAME = "$(TARGET_NAME)";
				SWIFT_VERSION = 5.0;
				TARGETED_DEVICE_FAMILY = "1,2";
			};
			name = Release;
		};
		2C27697924196B510085913C /* Debug */ = {
			isa = XCBuildConfiguration;
			buildSettings = {
				ALWAYS_EMBED_SWIFT_STANDARD_LIBRARIES = YES;
				BUNDLE_LOADER = "$(TEST_HOST)";
				CODE_SIGN_STYLE = Automatic;
				DEVELOPMENT_TEAM = JRCKQG2M7U;
				INFOPLIST_FILE = StackViewBugTests/Info.plist;
				IPHONEOS_DEPLOYMENT_TARGET = 13.2;
				LD_RUNPATH_SEARCH_PATHS = (
					"$(inherited)",
					"@executable_path/Frameworks",
					"@loader_path/Frameworks",
				);
				PRODUCT_BUNDLE_IDENTIFIER = com.kineticcommerce.StackViewBugTests;
				PRODUCT_NAME = "$(TARGET_NAME)";
				SWIFT_VERSION = 5.0;
				TARGETED_DEVICE_FAMILY = "1,2";
				TEST_HOST = "$(BUILT_PRODUCTS_DIR)/StackViewBug.app/StackViewBug";
			};
			name = Debug;
		};
		2C27697A24196B510085913C /* Release */ = {
			isa = XCBuildConfiguration;
			buildSettings = {
				ALWAYS_EMBED_SWIFT_STANDARD_LIBRARIES = YES;
				BUNDLE_LOADER = "$(TEST_HOST)";
				CODE_SIGN_STYLE = Automatic;
				DEVELOPMENT_TEAM = JRCKQG2M7U;
				INFOPLIST_FILE = StackViewBugTests/Info.plist;
				IPHONEOS_DEPLOYMENT_TARGET = 13.2;
				LD_RUNPATH_SEARCH_PATHS = (
					"$(inherited)",
					"@executable_path/Frameworks",
					"@loader_path/Frameworks",
				);
				PRODUCT_BUNDLE_IDENTIFIER = com.kineticcommerce.StackViewBugTests;
				PRODUCT_NAME = "$(TARGET_NAME)";
				SWIFT_VERSION = 5.0;
				TARGETED_DEVICE_FAMILY = "1,2";
				TEST_HOST = "$(BUILT_PRODUCTS_DIR)/StackViewBug.app/StackViewBug";
			};
			name = Release;
		};
		2C27697C24196B510085913C /* Debug */ = {
			isa = XCBuildConfiguration;
			buildSettings = {
				ALWAYS_EMBED_SWIFT_STANDARD_LIBRARIES = YES;
				CODE_SIGN_STYLE = Automatic;
				DEVELOPMENT_TEAM = JRCKQG2M7U;
				INFOPLIST_FILE = StackViewBugUITests/Info.plist;
				LD_RUNPATH_SEARCH_PATHS = (
					"$(inherited)",
					"@executable_path/Frameworks",
					"@loader_path/Frameworks",
				);
				PRODUCT_BUNDLE_IDENTIFIER = com.kineticcommerce.StackViewBugUITests;
				PRODUCT_NAME = "$(TARGET_NAME)";
				SWIFT_VERSION = 5.0;
				TARGETED_DEVICE_FAMILY = "1,2";
				TEST_TARGET_NAME = StackViewBug;
			};
			name = Debug;
		};
		2C27697D24196B510085913C /* Release */ = {
			isa = XCBuildConfiguration;
			buildSettings = {
				ALWAYS_EMBED_SWIFT_STANDARD_LIBRARIES = YES;
				CODE_SIGN_STYLE = Automatic;
				DEVELOPMENT_TEAM = JRCKQG2M7U;
				INFOPLIST_FILE = StackViewBugUITests/Info.plist;
				LD_RUNPATH_SEARCH_PATHS = (
					"$(inherited)",
					"@executable_path/Frameworks",
					"@loader_path/Frameworks",
				);
				PRODUCT_BUNDLE_IDENTIFIER = com.kineticcommerce.StackViewBugUITests;
				PRODUCT_NAME = "$(TARGET_NAME)";
				SWIFT_VERSION = 5.0;
				TARGETED_DEVICE_FAMILY = "1,2";
				TEST_TARGET_NAME = StackViewBug;
			};
			name = Release;
		};
/* End XCBuildConfiguration section */

/* Begin XCConfigurationList section */
		2C27694624196B500085913C /* Build configuration list for PBXProject "StackViewBug" */ = {
			isa = XCConfigurationList;
			buildConfigurations = (
				2C27697324196B510085913C /* Debug */,
				2C27697424196B510085913C /* Release */,
			);
			defaultConfigurationIsVisible = 0;
			defaultConfigurationName = Release;
		};
		2C27697524196B510085913C /* Build configuration list for PBXNativeTarget "StackViewBug" */ = {
			isa = XCConfigurationList;
			buildConfigurations = (
				2C27697624196B510085913C /* Debug */,
				2C27697724196B510085913C /* Release */,
			);
			defaultConfigurationIsVisible = 0;
			defaultConfigurationName = Release;
		};
		2C27697824196B510085913C /* Build configuration list for PBXNativeTarget "StackViewBugTests" */ = {
			isa = XCConfigurationList;
			buildConfigurations = (
				2C27697924196B510085913C /* Debug */,
				2C27697A24196B510085913C /* Release */,
			);
			defaultConfigurationIsVisible = 0;
			defaultConfigurationName = Release;
		};
		2C27697B24196B510085913C /* Build configuration list for PBXNativeTarget "StackViewBugUITests" */ = {
			isa = XCConfigurationList;
			buildConfigurations = (
				2C27697C24196B510085913C /* Debug */,
				2C27697D24196B510085913C /* Release */,
			);
			defaultConfigurationIsVisible = 0;
			defaultConfigurationName = Release;
		};
/* End XCConfigurationList section */
	};
	rootObject = 2C27694324196B500085913C /* Project object */;
}
